// !$*UTF8*$!
{
	archiveVersion = 1;
	classes = {
	};
	objectVersion = 48;
	objects = {

/* Begin PBXBuildFile section */
		182C97221FAC52B100753D9A /* UIViewController2.m in Sources */ = {isa = PBXBuildFile; fileRef = 182C97211FAC52B100753D9A /* UIViewController2.m */; };
		182C97251FAC69BF00753D9A /* UIViewController3.m in Sources */ = {isa = PBXBuildFile; fileRef = 182C97241FAC69BF00753D9A /* UIViewController3.m */; };
		182C97291FAC6A0B00753D9A /* LGUIView.m in Sources */ = {isa = PBXBuildFile; fileRef = 182C97281FAC6A0B00753D9A /* LGUIView.m */; };
		184130C71FB03B940047E7D7 /* TableViewController.m in Sources */ = {isa = PBXBuildFile; fileRef = 184130C61FB03B940047E7D7 /* TableViewController.m */; };
		18439AB41FA9552B001CE9C7 /* AppDelegate.m in Sources */ = {isa = PBXBuildFile; fileRef = 18439AB31FA9552B001CE9C7 /* AppDelegate.m */; };
		18439AB71FA9552B001CE9C7 /* ViewController.m in Sources */ = {isa = PBXBuildFile; fileRef = 18439AB61FA9552B001CE9C7 /* ViewController.m */; };
		18439ABA1FA9552B001CE9C7 /* Main.storyboard in Resources */ = {isa = PBXBuildFile; fileRef = 18439AB81FA9552B001CE9C7 /* Main.storyboard */; };
		18439ABC1FA9552B001CE9C7 /* Assets.xcassets in Resources */ = {isa = PBXBuildFile; fileRef = 18439ABB1FA9552B001CE9C7 /* Assets.xcassets */; };
		18439ABF1FA9552B001CE9C7 /* LaunchScreen.storyboard in Resources */ = {isa = PBXBuildFile; fileRef = 18439ABD1FA9552B001CE9C7 /* LaunchScreen.storyboard */; };
		18439AC21FA9552B001CE9C7 /* main.m in Sources */ = {isa = PBXBuildFile; fileRef = 18439AC11FA9552B001CE9C7 /* main.m */; };
		18439ACC1FA9552B001CE9C7 /* UITableView_IndexTests.m in Sources */ = {isa = PBXBuildFile; fileRef = 18439ACB1FA9552B001CE9C7 /* UITableView_IndexTests.m */; };
		18439AD71FA9552C001CE9C7 /* UITableView_IndexUITests.m in Sources */ = {isa = PBXBuildFile; fileRef = 18439AD61FA9552C001CE9C7 /* UITableView_IndexUITests.m */; };
		18439AE71FA9AFD1001CE9C7 /* NSString+PinYin.m in Sources */ = {isa = PBXBuildFile; fileRef = 18439AE61FA9AFD1001CE9C7 /* NSString+PinYin.m */; };
		18439AEB1FA9C965001CE9C7 /* ZTLetterIndex.m in Sources */ = {isa = PBXBuildFile; fileRef = 18439AEA1FA9C964001CE9C7 /* ZTLetterIndex.m */; };
/* End PBXBuildFile section */

/* Begin PBXContainerItemProxy section */
		18439AC81FA9552B001CE9C7 /* PBXContainerItemProxy */ = {
			isa = PBXContainerItemProxy;
			containerPortal = 18439AA71FA9552B001CE9C7 /* Project object */;
			proxyType = 1;
			remoteGlobalIDString = 18439AAE1FA9552B001CE9C7;
			remoteInfo = UITableView_Index;
		};
		18439AD31FA9552C001CE9C7 /* PBXContainerItemProxy */ = {
			isa = PBXContainerItemProxy;
			containerPortal = 18439AA71FA9552B001CE9C7 /* Project object */;
			proxyType = 1;
			remoteGlobalIDString = 18439AAE1FA9552B001CE9C7;
			remoteInfo = UITableView_Index;
		};
/* End PBXContainerItemProxy section */

/* Begin PBXFileReference section */
		182C97201FAC52B100753D9A /* UIViewController2.h */ = {isa = PBXFileReference; lastKnownFileType = sourcecode.c.h; path = UIViewController2.h; sourceTree = "<group>"; };
		182C97211FAC52B100753D9A /* UIViewController2.m */ = {isa = PBXFileReference; lastKnownFileType = sourcecode.c.objc; path = UIViewController2.m; sourceTree = "<group>"; };
		182C97231FAC69BF00753D9A /* UIViewController3.h */ = {isa = PBXFileReference; lastKnownFileType = sourcecode.c.h; path = UIViewController3.h; sourceTree = "<group>"; };
		182C97241FAC69BF00753D9A /* UIViewController3.m */ = {isa = PBXFileReference; lastKnownFileType = sourcecode.c.objc; path = UIViewController3.m; sourceTree = "<group>"; };
		182C97271FAC6A0B00753D9A /* LGUIView.h */ = {isa = PBXFileReference; fileEncoding = 4; lastKnownFileType = sourcecode.c.h; path = LGUIView.h; sourceTree = "<group>"; };
		182C97281FAC6A0B00753D9A /* LGUIView.m */ = {isa = PBXFileReference; fileEncoding = 4; lastKnownFileType = sourcecode.c.objc; path = LGUIView.m; sourceTree = "<group>"; };
		184130C51FB03B940047E7D7 /* TableViewController.h */ = {isa = PBXFileReference; lastKnownFileType = sourcecode.c.h; path = TableViewController.h; sourceTree = "<group>"; };
		184130C61FB03B940047E7D7 /* TableViewController.m */ = {isa = PBXFileReference; lastKnownFileType = sourcecode.c.objc; path = TableViewController.m; sourceTree = "<group>"; };
		18439AAF1FA9552B001CE9C7 /* UITableView_Index.app */ = {isa = PBXFileReference; explicitFileType = wrapper.application; includeInIndex = 0; path = UITableView_Index.app; sourceTree = BUILT_PRODUCTS_DIR; };
		18439AB21FA9552B001CE9C7 /* AppDelegate.h */ = {isa = PBXFileReference; lastKnownFileType = sourcecode.c.h; path = AppDelegate.h; sourceTree = "<group>"; };
		18439AB31FA9552B001CE9C7 /* AppDelegate.m */ = {isa = PBXFileReference; lastKnownFileType = sourcecode.c.objc; path = AppDelegate.m; sourceTree = "<group>"; };
		18439AB51FA9552B001CE9C7 /* ViewController.h */ = {isa = PBXFileReference; lastKnownFileType = sourcecode.c.h; path = ViewController.h; sourceTree = "<group>"; };
		18439AB61FA9552B001CE9C7 /* ViewController.m */ = {isa = PBXFileReference; lastKnownFileType = sourcecode.c.objc; path = ViewController.m; sourceTree = "<group>"; };
		18439AB91FA9552B001CE9C7 /* Base */ = {isa = PBXFileReference; lastKnownFileType = file.storyboard; name = Base; path = Base.lproj/Main.storyboard; sourceTree = "<group>"; };
		18439ABB1FA9552B001CE9C7 /* Assets.xcassets */ = {isa = PBXFileReference; lastKnownFileType = folder.assetcatalog; path = Assets.xcassets; sourceTree = "<group>"; };
		18439ABE1FA9552B001CE9C7 /* Base */ = {isa = PBXFileReference; lastKnownFileType = file.storyboard; name = Base; path = Base.lproj/LaunchScreen.storyboard; sourceTree = "<group>"; };
		18439AC01FA9552B001CE9C7 /* Info.plist */ = {isa = PBXFileReference; lastKnownFileType = text.plist.xml; path = Info.plist; sourceTree = "<group>"; };
		18439AC11FA9552B001CE9C7 /* main.m */ = {isa = PBXFileReference; lastKnownFileType = sourcecode.c.objc; path = main.m; sourceTree = "<group>"; };
		18439AC71FA9552B001CE9C7 /* UITableView_IndexTests.xctest */ = {isa = PBXFileReference; explicitFileType = wrapper.cfbundle; includeInIndex = 0; path = UITableView_IndexTests.xctest; sourceTree = BUILT_PRODUCTS_DIR; };
		18439ACB1FA9552B001CE9C7 /* UITableView_IndexTests.m */ = {isa = PBXFileReference; lastKnownFileType = sourcecode.c.objc; path = UITableView_IndexTests.m; sourceTree = "<group>"; };
		18439ACD1FA9552B001CE9C7 /* Info.plist */ = {isa = PBXFileReference; lastKnownFileType = text.plist.xml; path = Info.plist; sourceTree = "<group>"; };
		18439AD21FA9552C001CE9C7 /* UITableView_IndexUITests.xctest */ = {isa = PBXFileReference; explicitFileType = wrapper.cfbundle; includeInIndex = 0; path = UITableView_IndexUITests.xctest; sourceTree = BUILT_PRODUCTS_DIR; };
		18439AD61FA9552C001CE9C7 /* UITableView_IndexUITests.m */ = {isa = PBXFileReference; lastKnownFileType = sourcecode.c.objc; path = UITableView_IndexUITests.m; sourceTree = "<group>"; };
		18439AD81FA9552C001CE9C7 /* Info.plist */ = {isa = PBXFileReference; lastKnownFileType = text.plist.xml; path = Info.plist; sourceTree = "<group>"; };
		18439AE51FA9AFD1001CE9C7 /* NSString+PinYin.h */ = {isa = PBXFileReference; fileEncoding = 4; lastKnownFileType = sourcecode.c.h; path = "NSString+PinYin.h"; sourceTree = "<group>"; };
		18439AE61FA9AFD1001CE9C7 /* NSString+PinYin.m */ = {isa = PBXFileReference; fileEncoding = 4; lastKnownFileType = sourcecode.c.objc; path = "NSString+PinYin.m"; sourceTree = "<group>"; };
		18439AE91FA9C964001CE9C7 /* ZTLetterIndex.h */ = {isa = PBXFileReference; fileEncoding = 4; lastKnownFileType = sourcecode.c.h; path = ZTLetterIndex.h; sourceTree = "<group>"; };
		18439AEA1FA9C964001CE9C7 /* ZTLetterIndex.m */ = {isa = PBXFileReference; fileEncoding = 4; lastKnownFileType = sourcecode.c.objc; path = ZTLetterIndex.m; sourceTree = "<group>"; };
/* End PBXFileReference section */

/* Begin PBXFrameworksBuildPhase section */
		18439AAC1FA9552B001CE9C7 /* Frameworks */ = {
			isa = PBXFrameworksBuildPhase;
			buildActionMask = 2147483647;
			files = (
			);
			runOnlyForDeploymentPostprocessing = 0;
		};
		18439AC41FA9552B001CE9C7 /* Frameworks */ = {
			isa = PBXFrameworksBuildPhase;
			buildActionMask = 2147483647;
			files = (
			);
			runOnlyForDeploymentPostprocessing = 0;
		};
		18439ACF1FA9552C001CE9C7 /* Frameworks */ = {
			isa = PBXFrameworksBuildPhase;
			buildActionMask = 2147483647;
			files = (
			);
			runOnlyForDeploymentPostprocessing = 0;
		};
/* End PBXFrameworksBuildPhase section */

/* Begin PBXGroup section */
		182C97261FAC6A0B00753D9A /* LGUIView */ = {
			isa = PBXGroup;
			children = (
				182C97271FAC6A0B00753D9A /* LGUIView.h */,
				182C97281FAC6A0B00753D9A /* LGUIView.m */,
			);
			path = LGUIView;
			sourceTree = "<group>";
		};
		18439AA61FA9552B001CE9C7 = {
			isa = PBXGroup;
			children = (
				18439AB11FA9552B001CE9C7 /* UITableView_Index */,
				18439ACA1FA9552B001CE9C7 /* UITableView_IndexTests */,
				18439AD51FA9552C001CE9C7 /* UITableView_IndexUITests */,
				18439AB01FA9552B001CE9C7 /* Products */,
			);
			sourceTree = "<group>";
		};
		18439AB01FA9552B001CE9C7 /* Products */ = {
			isa = PBXGroup;
			children = (
				18439AAF1FA9552B001CE9C7 /* UITableView_Index.app */,
				18439AC71FA9552B001CE9C7 /* UITableView_IndexTests.xctest */,
				18439AD21FA9552C001CE9C7 /* UITableView_IndexUITests.xctest */,
			);
			name = Products;
			sourceTree = "<group>";
		};
		18439AB11FA9552B001CE9C7 /* UITableView_Index */ = {
			isa = PBXGroup;
			children = (
				18439AB21FA9552B001CE9C7 /* AppDelegate.h */,
				18439AB31FA9552B001CE9C7 /* AppDelegate.m */,
				18439AB51FA9552B001CE9C7 /* ViewController.h */,
				18439AB61FA9552B001CE9C7 /* ViewController.m */,
				184130C51FB03B940047E7D7 /* TableViewController.h */,
				184130C61FB03B940047E7D7 /* TableViewController.m */,
				182C97201FAC52B100753D9A /* UIViewController2.h */,
				182C97211FAC52B100753D9A /* UIViewController2.m */,
				182C97231FAC69BF00753D9A /* UIViewController3.h */,
				182C97241FAC69BF00753D9A /* UIViewController3.m */,
				182C97261FAC6A0B00753D9A /* LGUIView */,
				18439AE81FA9C964001CE9C7 /* ZTLetterIndex */,
				18439AE41FA9AFD1001CE9C7 /* NSString+PinYin */,
				18439AB81FA9552B001CE9C7 /* Main.storyboard */,
				18439ABB1FA9552B001CE9C7 /* Assets.xcassets */,
				18439ABD1FA9552B001CE9C7 /* LaunchScreen.storyboard */,
				18439AC01FA9552B001CE9C7 /* Info.plist */,
				18439AC11FA9552B001CE9C7 /* main.m */,
			);
			path = UITableView_Index;
			sourceTree = "<group>";
		};
		18439ACA1FA9552B001CE9C7 /* UITableView_IndexTests */ = {
			isa = PBXGroup;
			children = (
				18439ACB1FA9552B001CE9C7 /* UITableView_IndexTests.m */,
				18439ACD1FA9552B001CE9C7 /* Info.plist */,
			);
			path = UITableView_IndexTests;
			sourceTree = "<group>";
		};
		18439AD51FA9552C001CE9C7 /* UITableView_IndexUITests */ = {
			isa = PBXGroup;
			children = (
				18439AD61FA9552C001CE9C7 /* UITableView_IndexUITests.m */,
				18439AD81FA9552C001CE9C7 /* Info.plist */,
			);
			path = UITableView_IndexUITests;
			sourceTree = "<group>";
		};
		18439AE41FA9AFD1001CE9C7 /* NSString+PinYin */ = {
			isa = PBXGroup;
			children = (
				18439AE51FA9AFD1001CE9C7 /* NSString+PinYin.h */,
				18439AE61FA9AFD1001CE9C7 /* NSString+PinYin.m */,
			);
			path = "NSString+PinYin";
			sourceTree = "<group>";
		};
		18439AE81FA9C964001CE9C7 /* ZTLetterIndex */ = {
			isa = PBXGroup;
			children = (
				18439AE91FA9C964001CE9C7 /* ZTLetterIndex.h */,
				18439AEA1FA9C964001CE9C7 /* ZTLetterIndex.m */,
			);
			path = ZTLetterIndex;
			sourceTree = "<group>";
		};
/* End PBXGroup section */

/* Begin PBXNativeTarget section */
		18439AAE1FA9552B001CE9C7 /* UITableView_Index */ = {
			isa = PBXNativeTarget;
			buildConfigurationList = 18439ADB1FA9552C001CE9C7 /* Build configuration list for PBXNativeTarget "UITableView_Index" */;
			buildPhases = (
				18439AAB1FA9552B001CE9C7 /* Sources */,
				18439AAC1FA9552B001CE9C7 /* Frameworks */,
				18439AAD1FA9552B001CE9C7 /* Resources */,
			);
			buildRules = (
			);
			dependencies = (
			);
			name = UITableView_Index;
			productName = UITableView_Index;
			productReference = 18439AAF1FA9552B001CE9C7 /* UITableView_Index.app */;
			productType = "com.apple.product-type.application";
		};
		18439AC61FA9552B001CE9C7 /* UITableView_IndexTests */ = {
			isa = PBXNativeTarget;
			buildConfigurationList = 18439ADE1FA9552C001CE9C7 /* Build configuration list for PBXNativeTarget "UITableView_IndexTests" */;
			buildPhases = (
				18439AC31FA9552B001CE9C7 /* Sources */,
				18439AC41FA9552B001CE9C7 /* Frameworks */,
				18439AC51FA9552B001CE9C7 /* Resources */,
			);
			buildRules = (
			);
			dependencies = (
				18439AC91FA9552B001CE9C7 /* PBXTargetDependency */,
			);
			name = UITableView_IndexTests;
			productName = UITableView_IndexTests;
			productReference = 18439AC71FA9552B001CE9C7 /* UITableView_IndexTests.xctest */;
			productType = "com.apple.product-type.bundle.unit-test";
		};
		18439AD11FA9552C001CE9C7 /* UITableView_IndexUITests */ = {
			isa = PBXNativeTarget;
			buildConfigurationList = 18439AE11FA9552C001CE9C7 /* Build configuration list for PBXNativeTarget "UITableView_IndexUITests" */;
			buildPhases = (
				18439ACE1FA9552C001CE9C7 /* Sources */,
				18439ACF1FA9552C001CE9C7 /* Frameworks */,
				18439AD01FA9552C001CE9C7 /* Resources */,
			);
			buildRules = (
			);
			dependencies = (
				18439AD41FA9552C001CE9C7 /* PBXTargetDependency */,
			);
			name = UITableView_IndexUITests;
			productName = UITableView_IndexUITests;
			productReference = 18439AD21FA9552C001CE9C7 /* UITableView_IndexUITests.xctest */;
			productType = "com.apple.product-type.bundle.ui-testing";
		};
/* End PBXNativeTarget section */

/* Begin PBXProject section */
		18439AA71FA9552B001CE9C7 /* Project object */ = {
			isa = PBXProject;
			attributes = {
				LastUpgradeCheck = 0900;
				ORGANIZATIONNAME = KX;
				TargetAttributes = {
					18439AAE1FA9552B001CE9C7 = {
						CreatedOnToolsVersion = 9.0.1;
						ProvisioningStyle = Automatic;
					};
					18439AC61FA9552B001CE9C7 = {
						CreatedOnToolsVersion = 9.0.1;
						ProvisioningStyle = Automatic;
						TestTargetID = 18439AAE1FA9552B001CE9C7;
					};
					18439AD11FA9552C001CE9C7 = {
						CreatedOnToolsVersion = 9.0.1;
						ProvisioningStyle = Automatic;
						TestTargetID = 18439AAE1FA9552B001CE9C7;
					};
				};
			};
			buildConfigurationList = 18439AAA1FA9552B001CE9C7 /* Build configuration list for PBXProject "UITableView_Index" */;
			compatibilityVersion = "Xcode 8.0";
			developmentRegion = en;
			hasScannedForEncodings = 0;
			knownRegions = (
				en,
				Base,
			);
			mainGroup = 18439AA61FA9552B001CE9C7;
			productRefGroup = 18439AB01FA9552B001CE9C7 /* Products */;
			projectDirPath = "";
			projectRoot = "";
			targets = (
				18439AAE1FA9552B001CE9C7 /* UITableView_Index */,
				18439AC61FA9552B001CE9C7 /* UITableView_IndexTests */,
				18439AD11FA9552C001CE9C7 /* UITableView_IndexUITests */,
			);
		};
/* End PBXProject section */

/* Begin PBXResourcesBuildPhase section */
		18439AAD1FA9552B001CE9C7 /* Resources */ = {
			isa = PBXResourcesBuildPhase;
			buildActionMask = 2147483647;
			files = (
				18439ABF1FA9552B001CE9C7 /* LaunchScreen.storyboard in Resources */,
				18439ABC1FA9552B001CE9C7 /* Assets.xcassets in Resources */,
				18439ABA1FA9552B001CE9C7 /* Main.storyboard in Resources */,
			);
			runOnlyForDeploymentPostprocessing = 0;
		};
		18439AC51FA9552B001CE9C7 /* Resources */ = {
			isa = PBXResourcesBuildPhase;
			buildActionMask = 2147483647;
			files = (
			);
			runOnlyForDeploymentPostprocessing = 0;
		};
		18439AD01FA9552C001CE9C7 /* Resources */ = {
			isa = PBXResourcesBuildPhase;
			buildActionMask = 2147483647;
			files = (
			);
			runOnlyForDeploymentPostprocessing = 0;
		};
/* End PBXResourcesBuildPhase section */

/* Begin PBXSourcesBuildPhase section */
		18439AAB1FA9552B001CE9C7 /* Sources */ = {
			isa = PBXSourcesBuildPhase;
			buildActionMask = 2147483647;
			files = (
				18439AB71FA9552B001CE9C7 /* ViewController.m in Sources */,
				182C97291FAC6A0B00753D9A /* LGUIView.m in Sources */,
				18439AEB1FA9C965001CE9C7 /* ZTLetterIndex.m in Sources */,
				18439AC21FA9552B001CE9C7 /* main.m in Sources */,
				184130C71FB03B940047E7D7 /* TableViewController.m in Sources */,
				182C97221FAC52B100753D9A /* UIViewController2.m in Sources */,
				18439AE71FA9AFD1001CE9C7 /* NSString+PinYin.m in Sources */,
				182C97251FAC69BF00753D9A /* UIViewController3.m in Sources */,
				18439AB41FA9552B001CE9C7 /* AppDelegate.m in Sources */,
			);
			runOnlyForDeploymentPostprocessing = 0;
		};
		18439AC31FA9552B001CE9C7 /* Sources */ = {
			isa = PBXSourcesBuildPhase;
			buildActionMask = 2147483647;
			files = (
				18439ACC1FA9552B001CE9C7 /* UITableView_IndexTests.m in Sources */,
			);
			runOnlyForDeploymentPostprocessing = 0;
		};
		18439ACE1FA9552C001CE9C7 /* Sources */ = {
			isa = PBXSourcesBuildPhase;
			buildActionMask = 2147483647;
			files = (
				18439AD71FA9552C001CE9C7 /* UITableView_IndexUITests.m in Sources */,
			);
			runOnlyForDeploymentPostprocessing = 0;
		};
/* End PBXSourcesBuildPhase section */

/* Begin PBXTargetDependency section */
		18439AC91FA9552B001CE9C7 /* PBXTargetDependency */ = {
			isa = PBXTargetDependency;
			target = 18439AAE1FA9552B001CE9C7 /* UITableView_Index */;
			targetProxy = 18439AC81FA9552B001CE9C7 /* PBXContainerItemProxy */;
		};
		18439AD41FA9552C001CE9C7 /* PBXTargetDependency */ = {
			isa = PBXTargetDependency;
			target = 18439AAE1FA9552B001CE9C7 /* UITableView_Index */;
			targetProxy = 18439AD31FA9552C001CE9C7 /* PBXContainerItemProxy */;
		};
/* End PBXTargetDependency section */

/* Begin PBXVariantGroup section */
		18439AB81FA9552B001CE9C7 /* Main.storyboard */ = {
			isa = PBXVariantGroup;
			children = (
				18439AB91FA9552B001CE9C7 /* Base */,
			);
			name = Main.storyboard;
			sourceTree = "<group>";
		};
		18439ABD1FA9552B001CE9C7 /* LaunchScreen.storyboard */ = {
			isa = PBXVariantGroup;
			children = (
				18439ABE1FA9552B001CE9C7 /* Base */,
			);
			name = LaunchScreen.storyboard;
			sourceTree = "<group>";
		};
/* End PBXVariantGroup section */

/* Begin XCBuildConfiguration section */
		18439AD91FA9552C001CE9C7 /* Debug */ = {
			isa = XCBuildConfiguration;
			buildSettings = {
				ALWAYS_SEARCH_USER_PATHS = NO;
				CLANG_ANALYZER_NONNULL = YES;
				CLANG_ANALYZER_NUMBER_OBJECT_CONVERSION = YES_AGGRESSIVE;
				CLANG_CXX_LANGUAGE_STANDARD = "gnu++14";
				CLANG_CXX_LIBRARY = "libc++";
				CLANG_ENABLE_MODULES = YES;
				CLANG_ENABLE_OBJC_ARC = YES;
				CLANG_WARN_BLOCK_CAPTURE_AUTORELEASING = YES;
				CLANG_WARN_BOOL_CONVERSION = YES;
				CLANG_WARN_COMMA = YES;
				CLANG_WARN_CONSTANT_CONVERSION = YES;
				CLANG_WARN_DIRECT_OBJC_ISA_USAGE = YES_ERROR;
				CLANG_WARN_DOCUMENTATION_COMMENTS = YES;
				CLANG_WARN_EMPTY_BODY = YES;
				CLANG_WARN_ENUM_CONVERSION = YES;
				CLANG_WARN_INFINITE_RECURSION = YES;
				CLANG_WARN_INT_CONVERSION = YES;
				CLANG_WARN_NON_LITERAL_NULL_CONVERSION = YES;
				CLANG_WARN_OBJC_LITERAL_CONVERSION = YES;
				CLANG_WARN_OBJC_ROOT_CLASS = YES_ERROR;
				CLANG_WARN_RANGE_LOOP_ANALYSIS = YES;
				CLANG_WARN_STRICT_PROTOTYPES = YES;
				CLANG_WARN_SUSPICIOUS_MOVE = YES;
				CLANG_WARN_UNGUARDED_AVAILABILITY = YES_AGGRESSIVE;
				CLANG_WARN_UNREACHABLE_CODE = YES;
				CLANG_WARN__DUPLICATE_METHOD_MATCH = YES;
				CODE_SIGN_IDENTITY = "iPhone Developer";
				COPY_PHASE_STRIP = NO;
				DEBUG_INFORMATION_FORMAT = dwarf;
				ENABLE_STRICT_OBJC_MSGSEND = YES;
				ENABLE_TESTABILITY = YES;
				GCC_C_LANGUAGE_STANDARD = gnu11;
				GCC_DYNAMIC_NO_PIC = NO;
				GCC_NO_COMMON_BLOCKS = YES;
				GCC_OPTIMIZATION_LEVEL = 0;
				GCC_PREPROCESSOR_DEFINITIONS = (
					"DEBUG=1",
					"$(inherited)",
				);
				GCC_WARN_64_TO_32_BIT_CONVERSION = YES;
				GCC_WARN_ABOUT_RETURN_TYPE = YES_ERROR;
				GCC_WARN_UNDECLARED_SELECTOR = YES;
				GCC_WARN_UNINITIALIZED_AUTOS = YES_AGGRESSIVE;
				GCC_WARN_UNUSED_FUNCTION = YES;
				GCC_WARN_UNUSED_VARIABLE = YES;
				IPHONEOS_DEPLOYMENT_TARGET = 11.0;
				MTL_ENABLE_DEBUG_INFO = YES;
				ONLY_ACTIVE_ARCH = YES;
				SDKROOT = iphoneos;
			};
			name = Debug;
		};
		18439ADA1FA9552C001CE9C7 /* Release */ = {
			isa = XCBuildConfiguration;
			buildSettings = {
				ALWAYS_SEARCH_USER_PATHS = NO;
				CLANG_ANALYZER_NONNULL = YES;
				CLANG_ANALYZER_NUMBER_OBJECT_CONVERSION = YES_AGGRESSIVE;
				CLANG_CXX_LANGUAGE_STANDARD = "gnu++14";
				CLANG_CXX_LIBRARY = "libc++";
				CLANG_ENABLE_MODULES = YES;
				CLANG_ENABLE_OBJC_ARC = YES;
				CLANG_WARN_BLOCK_CAPTURE_AUTORELEASING = YES;
				CLANG_WARN_BOOL_CONVERSION = YES;
				CLANG_WARN_COMMA = YES;
				CLANG_WARN_CONSTANT_CONVERSION = YES;
				CLANG_WARN_DIRECT_OBJC_ISA_USAGE = YES_ERROR;
				CLANG_WARN_DOCUMENTATION_COMMENTS = YES;
				CLANG_WARN_EMPTY_BODY = YES;
				CLANG_WARN_ENUM_CONVERSION = YES;
				CLANG_WARN_INFINITE_RECURSION = YES;
				CLANG_WARN_INT_CONVERSION = YES;
				CLANG_WARN_NON_LITERAL_NULL_CONVERSION = YES;
				CLANG_WARN_OBJC_LITERAL_CONVERSION = YES;
				CLANG_WARN_OBJC_ROOT_CLASS = YES_ERROR;
				CLANG_WARN_RANGE_LOOP_ANALYSIS = YES;
				CLANG_WARN_STRICT_PROTOTYPES = YES;
				CLANG_WARN_SUSPICIOUS_MOVE = YES;
				CLANG_WARN_UNGUARDED_AVAILABILITY = YES_AGGRESSIVE;
				CLANG_WARN_UNREACHABLE_CODE = YES;
				CLANG_WARN__DUPLICATE_METHOD_MATCH = YES;
				CODE_SIGN_IDENTITY = "iPhone Developer";
				COPY_PHASE_STRIP = NO;
				DEBUG_INFORMATION_FORMAT = "dwarf-with-dsym";
				ENABLE_NS_ASSERTIONS = NO;
				ENABLE_STRICT_OBJC_MSGSEND = YES;
				GCC_C_LANGUAGE_STANDARD = gnu11;
				GCC_NO_COMMON_BLOCKS = YES;
				GCC_WARN_64_TO_32_BIT_CONVERSION = YES;
				GCC_WARN_ABOUT_RETURN_TYPE = YES_ERROR;
				GCC_WARN_UNDECLARED_SELECTOR = YES;
				GCC_WARN_UNINITIALIZED_AUTOS = YES_AGGRESSIVE;
				GCC_WARN_UNUSED_FUNCTION = YES;
				GCC_WARN_UNUSED_VARIABLE = YES;
				IPHONEOS_DEPLOYMENT_TARGET = 11.0;
				MTL_ENABLE_DEBUG_INFO = NO;
				SDKROOT = iphoneos;
				VALIDATE_PRODUCT = YES;
			};
			name = Release;
		};
		18439ADC1FA9552C001CE9C7 /* Debug */ = {
			isa = XCBuildConfiguration;
			buildSettings = {
				ASSETCATALOG_COMPILER_APPICON_NAME = AppIcon;
				CODE_SIGN_STYLE = Automatic;
				INFOPLIST_FILE = UITableView_Index/Info.plist;
				IPHONEOS_DEPLOYMENT_TARGET = 8.0;
				LD_RUNPATH_SEARCH_PATHS = "$(inherited) @executable_path/Frameworks";
				PRODUCT_BUNDLE_IDENTIFIER = "com.daxiang.UITableView-Index";
				PRODUCT_NAME = "$(TARGET_NAME)";
				TARGETED_DEVICE_FAMILY = "1,2";
			};
			name = Debug;
		};
		18439ADD1FA9552C001CE9C7 /* Release */ = {
			isa = XCBuildConfiguration;
			buildSettings = {
				ASSETCATALOG_COMPILER_APPICON_NAME = AppIcon;
				CODE_SIGN_STYLE = Automatic;
				INFOPLIST_FILE = UITableView_Index/Info.plist;
				IPHONEOS_DEPLOYMENT_TARGET = 8.0;
				LD_RUNPATH_SEARCH_PATHS = "$(inherited) @executable_path/Frameworks";
				PRODUCT_BUNDLE_IDENTIFIER = "com.daxiang.UITableView-Index";
				PRODUCT_NAME = "$(TARGET_NAME)";
				TARGETED_DEVICE_FAMILY = "1,2";
			};
			name = Release;
		};
		18439ADF1FA9552C001CE9C7 /* Debug */ = {
			isa = XCBuildConfiguration;
			buildSettings = {
				BUNDLE_LOADER = "$(TEST_HOST)";
				CODE_SIGN_STYLE = Automatic;
				INFOPLIST_FILE = UITableView_IndexTests/Info.plist;
				LD_RUNPATH_SEARCH_PATHS = "$(inherited) @executable_path/Frameworks @loader_path/Frameworks";
				PRODUCT_BUNDLE_IDENTIFIER = "com.daxiang.UITableView-IndexTests";
				PRODUCT_NAME = "$(TARGET_NAME)";
				TARGETED_DEVICE_FAMILY = "1,2";
				TEST_HOST = "$(BUILT_PRODUCTS_DIR)/UITableView_Index.app/UITableView_Index";
			};
			name = Debug;
		};
		18439AE01FA9552C001CE9C7 /* Release */ = {
			isa = XCBuildConfiguration;
			buildSettings = {
				BUNDLE_LOADER = "$(TEST_HOST)";
				CODE_SIGN_STYLE = Automatic;
				INFOPLIST_FILE = UITableView_IndexTests/Info.plist;
				LD_RUNPATH_SEARCH_PATHS = "$(inherited) @executable_path/Frameworks @loader_path/Frameworks";
				PRODUCT_BUNDLE_IDENTIFIER = "com.daxiang.UITableView-IndexTests";
				PRODUCT_NAME = "$(TARGET_NAME)";
				TARGETED_DEVICE_FAMILY = "1,2";
				TEST_HOST = "$(BUILT_PRODUCTS_DIR)/UITableView_Index.app/UITableView_Index";
			};
			name = Release;
		};
		18439AE21FA9552C001CE9C7 /* Debug */ = {
			isa = XCBuildConfiguration;
			buildSettings = {
				CODE_SIGN_STYLE = Automatic;
				INFOPLIST_FILE = UITableView_IndexUITests/Info.plist;
				LD_RUNPATH_SEARCH_PATHS = "$(inherited) @executable_path/Frameworks @loader_path/Frameworks";
				PRODUCT_BUNDLE_IDENTIFIER = "com.daxiang.UITableView-IndexUITests";
				PRODUCT_NAME = "$(TARGET_NAME)";
				TARGETED_DEVICE_FAMILY = "1,2";
				TEST_TARGET_NAME = UITableView_Index;
			};
			name = Debug;
		};
		18439AE31FA9552C001CE9C7 /* Release */ = {
			isa = XCBuildConfiguration;
			buildSettings = {
				CODE_SIGN_STYLE = Automatic;
				INFOPLIST_FILE = UITableView_IndexUITests/Info.plist;
				LD_RUNPATH_SEARCH_PATHS = "$(inherited) @executable_path/Frameworks @loader_path/Frameworks";
				PRODUCT_BUNDLE_IDENTIFIER = "com.daxiang.UITableView-IndexUITests";
				PRODUCT_NAME = "$(TARGET_NAME)";
				TARGETED_DEVICE_FAMILY = "1,2";
				TEST_TARGET_NAME = UITableView_Index;
			};
			name = Release;
		};
/* End XCBuildConfiguration section */

/* Begin XCConfigurationList section */
		18439AAA1FA9552B001CE9C7 /* Build configuration list for PBXProject "UITableView_Index" */ = {
			isa = XCConfigurationList;
			buildConfigurations = (
				18439AD91FA9552C001CE9C7 /* Debug */,
				18439ADA1FA9552C001CE9C7 /* Release */,
			);
			defaultConfigurationIsVisible = 0;
			defaultConfigurationName = Release;
		};
		18439ADB1FA9552C001CE9C7 /* Build configuration list for PBXNativeTarget "UITableView_Index" */ = {
			isa = XCConfigurationList;
			buildConfigurations = (
				18439ADC1FA9552C001CE9C7 /* Debug */,
				18439ADD1FA9552C001CE9C7 /* Release */,
			);
			defaultConfigurationIsVisible = 0;
			defaultConfigurationName = Release;
		};
		18439ADE1FA9552C001CE9C7 /* Build configuration list for PBXNativeTarget "UITableView_IndexTests" */ = {
			isa = XCConfigurationList;
			buildConfigurations = (
				18439ADF1FA9552C001CE9C7 /* Debug */,
				18439AE01FA9552C001CE9C7 /* Release */,
			);
			defaultConfigurationIsVisible = 0;
			defaultConfigurationName = Release;
		};
		18439AE11FA9552C001CE9C7 /* Build configuration list for PBXNativeTarget "UITableView_IndexUITests" */ = {
			isa = XCConfigurationList;
			buildConfigurations = (
				18439AE21FA9552C001CE9C7 /* Debug */,
				18439AE31FA9552C001CE9C7 /* Release */,
			);
			defaultConfigurationIsVisible = 0;
			defaultConfigurationName = Release;
		};
/* End XCConfigurationList section */
	};
	rootObject = 18439AA71FA9552B001CE9C7 /* Project object */;
}
